// !$*UTF8*$!
{
	archiveVersion = 1;
	classes = {
	};
	objectVersion = 56;
	objects = {

/* Begin PBXBuildFile section */
		300927972C3C68DF0073E384 /* AppDelegate.swift in Sources */ = {isa = PBXBuildFile; fileRef = 300927962C3C68DF0073E384 /* AppDelegate.swift */; };
		300927992C3C68DF0073E384 /* SceneDelegate.swift in Sources */ = {isa = PBXBuildFile; fileRef = 300927982C3C68DF0073E384 /* SceneDelegate.swift */; };
		3009279B2C3C68DF0073E384 /* ViewController.swift in Sources */ = {isa = PBXBuildFile; fileRef = 3009279A2C3C68DF0073E384 /* ViewController.swift */; };
		3009279E2C3C68DF0073E384 /* Base in Resources */ = {isa = PBXBuildFile; fileRef = 3009279D2C3C68DF0073E384 /* Base */; };
		300927A02C3C68E00073E384 /* Assets.xcassets in Resources */ = {isa = PBXBuildFile; fileRef = 3009279F2C3C68E00073E384 /* Assets.xcassets */; };
		300927A32C3C68E00073E384 /* Base in Resources */ = {isa = PBXBuildFile; fileRef = 300927A22C3C68E00073E384 /* Base */; };
		300927AC2C3C69D60073E384 /* MainView.swift in Sources */ = {isa = PBXBuildFile; fileRef = 300927AB2C3C69D60073E384 /* MainView.swift */; };
		300927AF2C3C6D990073E384 /* ToollBar.swift in Sources */ = {isa = PBXBuildFile; fileRef = 300927AE2C3C6D990073E384 /* ToollBar.swift */; };
		300927B22C3C71200073E384 /* TeamsViewModel.swift in Sources */ = {isa = PBXBuildFile; fileRef = 300927B12C3C71200073E384 /* TeamsViewModel.swift */; };
		300927B52C3C75210073E384 /* SoccerSquad.xcdatamodeld in Sources */ = {isa = PBXBuildFile; fileRef = 300927B32C3C75210073E384 /* SoccerSquad.xcdatamodeld */; };
		300927B82C3C762C0073E384 /* Players.swift in Sources */ = {isa = PBXBuildFile; fileRef = 300927B72C3C762C0073E384 /* Players.swift */; };
		300927BA2C3C766C0073E384 /* UIImageTransformer.swift in Sources */ = {isa = PBXBuildFile; fileRef = 300927B92C3C766C0073E384 /* UIImageTransformer.swift */; };
		300927BC2C3C77B40073E384 /* CoreDataManager.swift in Sources */ = {isa = PBXBuildFile; fileRef = 300927BB2C3C77B30073E384 /* CoreDataManager.swift */; };
		300927BE2C3C79E10073E384 /* TeamsView.swift in Sources */ = {isa = PBXBuildFile; fileRef = 300927BD2C3C79E10073E384 /* TeamsView.swift */; };
		300927C02C3C7A5C0073E384 /* lebalView.swift in Sources */ = {isa = PBXBuildFile; fileRef = 300927BF2C3C7A5C0073E384 /* lebalView.swift */; };
		300927C22C3C7C990073E384 /* CustomTextFieldView.swift in Sources */ = {isa = PBXBuildFile; fileRef = 300927C12C3C7C990073E384 /* CustomTextFieldView.swift */; };
		300927C52C3C802A0073E384 /* PlayerCellView.swift in Sources */ = {isa = PBXBuildFile; fileRef = 300927C42C3C802A0073E384 /* PlayerCellView.swift */; };
		300927C72C3D20680073E384 /* PhotoPicker.swift in Sources */ = {isa = PBXBuildFile; fileRef = 300927C62C3D20680073E384 /* PhotoPicker.swift */; };
		300927CA2C3D22FF0073E384 /* NewPlayerView.swift in Sources */ = {isa = PBXBuildFile; fileRef = 300927C92C3D22FF0073E384 /* NewPlayerView.swift */; };
		300927CC2C3D24190073E384 /* PlusButtonView.swift in Sources */ = {isa = PBXBuildFile; fileRef = 300927CB2C3D24190073E384 /* PlusButtonView.swift */; };
		300927CE2C3D313A0073E384 /* NoPhotoView.swift in Sources */ = {isa = PBXBuildFile; fileRef = 300927CD2C3D313A0073E384 /* NoPhotoView.swift */; };
		300927D02C3D35A10073E384 /* NumberPlayerCircle.swift in Sources */ = {isa = PBXBuildFile; fileRef = 300927CF2C3D35A10073E384 /* NumberPlayerCircle.swift */; };
		300927D22C3D64130073E384 /* NameTextFieldView.swift in Sources */ = {isa = PBXBuildFile; fileRef = 300927D12C3D64130073E384 /* NameTextFieldView.swift */; };
		300927D42C3D679E0073E384 /* SavebuttonView.swift in Sources */ = {isa = PBXBuildFile; fileRef = 300927D32C3D679E0073E384 /* SavebuttonView.swift */; };
		300927D62C3D86D60073E384 /* PlayerView.swift in Sources */ = {isa = PBXBuildFile; fileRef = 300927D52C3D86D60073E384 /* PlayerView.swift */; };
		300927D92C3DB2D00073E384 /* MatchsView.swift in Sources */ = {isa = PBXBuildFile; fileRef = 300927D82C3DB2D00073E384 /* MatchsView.swift */; };
		300927DB2C3DB3680073E384 /* MatchViewModel.swift in Sources */ = {isa = PBXBuildFile; fileRef = 300927DA2C3DB3680073E384 /* MatchViewModel.swift */; };
		300927DD2C3DC6C90073E384 /* MathView.swift in Sources */ = {isa = PBXBuildFile; fileRef = 300927DC2C3DC6C90073E384 /* MathView.swift */; };
		300927DF2C3E65D00073E384 /* UIColorTransformer.swift in Sources */ = {isa = PBXBuildFile; fileRef = 300927DE2C3E65D00073E384 /* UIColorTransformer.swift */; };
		300927E12C3E66BB0073E384 /* Matchs.swift in Sources */ = {isa = PBXBuildFile; fileRef = 300927E02C3E66BB0073E384 /* Matchs.swift */; };
		300927E32C3E78980073E384 /* MatchCellView.swift in Sources */ = {isa = PBXBuildFile; fileRef = 300927E22C3E78980073E384 /* MatchCellView.swift */; };
		300927E52C3E7BF40073E384 /* TeamLabelView.swift in Sources */ = {isa = PBXBuildFile; fileRef = 300927E42C3E7BF40073E384 /* TeamLabelView.swift */; };
		300927E72C3E9C8D0073E384 /* NewMatchView.swift in Sources */ = {isa = PBXBuildFile; fileRef = 300927E62C3E9C8D0073E384 /* NewMatchView.swift */; };
		300927E92C3F20AA0073E384 /* GrayTextFieldView.swift in Sources */ = {isa = PBXBuildFile; fileRef = 300927E82C3F20AA0073E384 /* GrayTextFieldView.swift */; };
		300927EB2C3F232B0073E384 /* WinButtonView.swift in Sources */ = {isa = PBXBuildFile; fileRef = 300927EA2C3F232B0073E384 /* WinButtonView.swift */; };
		300927ED2C3FB6030073E384 /* ColorPickerView.swift in Sources */ = {isa = PBXBuildFile; fileRef = 300927EC2C3FB6030073E384 /* ColorPickerView.swift */; };
		300927EF2C3FBB710073E384 /* BlurUIView.swift in Sources */ = {isa = PBXBuildFile; fileRef = 300927EE2C3FBB710073E384 /* BlurUIView.swift */; };
/* End PBXBuildFile section */

/* Begin PBXFileReference section */
		300927932C3C68DF0073E384 /* SoccerSquad.app */ = {isa = PBXFileReference; explicitFileType = wrapper.application; includeInIndex = 0; path = SoccerSquad.app; sourceTree = BUILT_PRODUCTS_DIR; };
		300927962C3C68DF0073E384 /* AppDelegate.swift */ = {isa = PBXFileReference; lastKnownFileType = sourcecode.swift; path = AppDelegate.swift; sourceTree = "<group>"; };
		300927982C3C68DF0073E384 /* SceneDelegate.swift */ = {isa = PBXFileReference; lastKnownFileType = sourcecode.swift; path = SceneDelegate.swift; sourceTree = "<group>"; };
		3009279A2C3C68DF0073E384 /* ViewController.swift */ = {isa = PBXFileReference; lastKnownFileType = sourcecode.swift; path = ViewController.swift; sourceTree = "<group>"; };
		3009279D2C3C68DF0073E384 /* Base */ = {isa = PBXFileReference; lastKnownFileType = file.storyboard; name = Base; path = Base.lproj/Main.storyboard; sourceTree = "<group>"; };
		3009279F2C3C68E00073E384 /* Assets.xcassets */ = {isa = PBXFileReference; lastKnownFileType = folder.assetcatalog; path = Assets.xcassets; sourceTree = "<group>"; };
		300927A22C3C68E00073E384 /* Base */ = {isa = PBXFileReference; lastKnownFileType = file.storyboard; name = Base; path = Base.lproj/LaunchScreen.storyboard; sourceTree = "<group>"; };
		300927A42C3C68E00073E384 /* Info.plist */ = {isa = PBXFileReference; lastKnownFileType = text.plist.xml; path = Info.plist; sourceTree = "<group>"; };
		300927AB2C3C69D60073E384 /* MainView.swift */ = {isa = PBXFileReference; lastKnownFileType = sourcecode.swift; path = MainView.swift; sourceTree = "<group>"; };
		300927AE2C3C6D990073E384 /* ToollBar.swift */ = {isa = PBXFileReference; lastKnownFileType = sourcecode.swift; path = ToollBar.swift; sourceTree = "<group>"; };
		300927B12C3C71200073E384 /* TeamsViewModel.swift */ = {isa = PBXFileReference; lastKnownFileType = sourcecode.swift; path = TeamsViewModel.swift; sourceTree = "<group>"; };
		300927B42C3C75210073E384 /* SoccerSquad.xcdatamodel */ = {isa = PBXFileReference; lastKnownFileType = wrapper.xcdatamodel; path = SoccerSquad.xcdatamodel; sourceTree = "<group>"; };
		300927B72C3C762C0073E384 /* Players.swift */ = {isa = PBXFileReference; lastKnownFileType = sourcecode.swift; path = Players.swift; sourceTree = "<group>"; };
		300927B92C3C766C0073E384 /* UIImageTransformer.swift */ = {isa = PBXFileReference; fileEncoding = 4; lastKnownFileType = sourcecode.swift; path = UIImageTransformer.swift; sourceTree = "<group>"; };
		300927BB2C3C77B30073E384 /* CoreDataManager.swift */ = {isa = PBXFileReference; fileEncoding = 4; lastKnownFileType = sourcecode.swift; path = CoreDataManager.swift; sourceTree = "<group>"; };
		300927BD2C3C79E10073E384 /* TeamsView.swift */ = {isa = PBXFileReference; lastKnownFileType = sourcecode.swift; path = TeamsView.swift; sourceTree = "<group>"; };
		300927BF2C3C7A5C0073E384 /* lebalView.swift */ = {isa = PBXFileReference; lastKnownFileType = sourcecode.swift; path = lebalView.swift; sourceTree = "<group>"; };
		300927C12C3C7C990073E384 /* CustomTextFieldView.swift */ = {isa = PBXFileReference; fileEncoding = 4; lastKnownFileType = sourcecode.swift; path = CustomTextFieldView.swift; sourceTree = "<group>"; };
		300927C42C3C802A0073E384 /* PlayerCellView.swift */ = {isa = PBXFileReference; lastKnownFileType = sourcecode.swift; path = PlayerCellView.swift; sourceTree = "<group>"; };
		300927C62C3D20680073E384 /* PhotoPicker.swift */ = {isa = PBXFileReference; fileEncoding = 4; lastKnownFileType = sourcecode.swift; path = PhotoPicker.swift; sourceTree = "<group>"; };
		300927C92C3D22FF0073E384 /* NewPlayerView.swift */ = {isa = PBXFileReference; lastKnownFileType = sourcecode.swift; path = NewPlayerView.swift; sourceTree = "<group>"; };
		300927CB2C3D24190073E384 /* PlusButtonView.swift */ = {isa = PBXFileReference; lastKnownFileType = sourcecode.swift; path = PlusButtonView.swift; sourceTree = "<group>"; };
		300927CD2C3D313A0073E384 /* NoPhotoView.swift */ = {isa = PBXFileReference; fileEncoding = 4; lastKnownFileType = sourcecode.swift; path = NoPhotoView.swift; sourceTree = "<group>"; };
		300927CF2C3D35A10073E384 /* NumberPlayerCircle.swift */ = {isa = PBXFileReference; lastKnownFileType = sourcecode.swift; path = NumberPlayerCircle.swift; sourceTree = "<group>"; };
		300927D12C3D64130073E384 /* NameTextFieldView.swift */ = {isa = PBXFileReference; lastKnownFileType = sourcecode.swift; path = NameTextFieldView.swift; sourceTree = "<group>"; };
		300927D32C3D679E0073E384 /* SavebuttonView.swift */ = {isa = PBXFileReference; lastKnownFileType = sourcecode.swift; path = SavebuttonView.swift; sourceTree = "<group>"; };
		300927D52C3D86D60073E384 /* PlayerView.swift */ = {isa = PBXFileReference; lastKnownFileType = sourcecode.swift; path = PlayerView.swift; sourceTree = "<group>"; };
		300927D82C3DB2D00073E384 /* MatchsView.swift */ = {isa = PBXFileReference; lastKnownFileType = sourcecode.swift; path = MatchsView.swift; sourceTree = "<group>"; };
		300927DA2C3DB3680073E384 /* MatchViewModel.swift */ = {isa = PBXFileReference; lastKnownFileType = sourcecode.swift; path = MatchViewModel.swift; sourceTree = "<group>"; };
		300927DC2C3DC6C90073E384 /* MathView.swift */ = {isa = PBXFileReference; lastKnownFileType = sourcecode.swift; path = MathView.swift; sourceTree = "<group>"; };
		300927DE2C3E65D00073E384 /* UIColorTransformer.swift */ = {isa = PBXFileReference; lastKnownFileType = sourcecode.swift; path = UIColorTransformer.swift; sourceTree = "<group>"; };
		300927E02C3E66BB0073E384 /* Matchs.swift */ = {isa = PBXFileReference; lastKnownFileType = sourcecode.swift; path = Matchs.swift; sourceTree = "<group>"; };
		300927E22C3E78980073E384 /* MatchCellView.swift */ = {isa = PBXFileReference; lastKnownFileType = sourcecode.swift; path = MatchCellView.swift; sourceTree = "<group>"; };
		300927E42C3E7BF40073E384 /* TeamLabelView.swift */ = {isa = PBXFileReference; lastKnownFileType = sourcecode.swift; path = TeamLabelView.swift; sourceTree = "<group>"; };
		300927E62C3E9C8D0073E384 /* NewMatchView.swift */ = {isa = PBXFileReference; lastKnownFileType = sourcecode.swift; path = NewMatchView.swift; sourceTree = "<group>"; };
		300927E82C3F20AA0073E384 /* GrayTextFieldView.swift */ = {isa = PBXFileReference; lastKnownFileType = sourcecode.swift; path = GrayTextFieldView.swift; sourceTree = "<group>"; };
		300927EA2C3F232B0073E384 /* WinButtonView.swift */ = {isa = PBXFileReference; lastKnownFileType = sourcecode.swift; path = WinButtonView.swift; sourceTree = "<group>"; };
		300927EC2C3FB6030073E384 /* ColorPickerView.swift */ = {isa = PBXFileReference; lastKnownFileType = sourcecode.swift; path = ColorPickerView.swift; sourceTree = "<group>"; };
		300927EE2C3FBB710073E384 /* BlurUIView.swift */ = {isa = PBXFileReference; fileEncoding = 4; lastKnownFileType = sourcecode.swift; path = BlurUIView.swift; sourceTree = "<group>"; };
/* End PBXFileReference section */

/* Begin PBXFrameworksBuildPhase section */
		300927902C3C68DF0073E384 /* Frameworks */ = {
			isa = PBXFrameworksBuildPhase;
			buildActionMask = 2147483647;
			files = (
			);
			runOnlyForDeploymentPostprocessing = 0;
		};
/* End PBXFrameworksBuildPhase section */

/* Begin PBXGroup section */
		3009278A2C3C68DF0073E384 = {
			isa = PBXGroup;
			children = (
				300927952C3C68DF0073E384 /* SoccerSquad */,
				300927942C3C68DF0073E384 /* Products */,
			);
			sourceTree = "<group>";
		};
		300927942C3C68DF0073E384 /* Products */ = {
			isa = PBXGroup;
			children = (
				300927932C3C68DF0073E384 /* SoccerSquad.app */,
			);
			name = Products;
			sourceTree = "<group>";
		};
		300927952C3C68DF0073E384 /* SoccerSquad */ = {
			isa = PBXGroup;
			children = (
				300927C32C3C80170073E384 /* Cells */,
				300927B62C3C76090073E384 /* CoreData */,
				300927B02C3C71110073E384 /* ViewModel */,
				300927AD2C3C6D760073E384 /* Helpers */,
				300927AA2C3C69C40073E384 /* View */,
				300927962C3C68DF0073E384 /* AppDelegate.swift */,
				300927982C3C68DF0073E384 /* SceneDelegate.swift */,
				3009279A2C3C68DF0073E384 /* ViewController.swift */,
				3009279C2C3C68DF0073E384 /* Main.storyboard */,
				3009279F2C3C68E00073E384 /* Assets.xcassets */,
				300927A12C3C68E00073E384 /* LaunchScreen.storyboard */,
				300927A42C3C68E00073E384 /* Info.plist */,
			);
			path = SoccerSquad;
			sourceTree = "<group>";
		};
		300927AA2C3C69C40073E384 /* View */ = {
			isa = PBXGroup;
			children = (
				300927D72C3DB29D0073E384 /* Matchs */,
				300927C82C3D22DC0073E384 /* Teams */,
				300927AB2C3C69D60073E384 /* MainView.swift */,
			);
			path = View;
			sourceTree = "<group>";
		};
		300927AD2C3C6D760073E384 /* Helpers */ = {
			isa = PBXGroup;
			children = (
				300927EE2C3FBB710073E384 /* BlurUIView.swift */,
				300927CD2C3D313A0073E384 /* NoPhotoView.swift */,
				300927C62C3D20680073E384 /* PhotoPicker.swift */,
				300927C12C3C7C990073E384 /* CustomTextFieldView.swift */,
				300927AE2C3C6D990073E384 /* ToollBar.swift */,
				300927BF2C3C7A5C0073E384 /* lebalView.swift */,
				300927CB2C3D24190073E384 /* PlusButtonView.swift */,
				300927CF2C3D35A10073E384 /* NumberPlayerCircle.swift */,
				300927D12C3D64130073E384 /* NameTextFieldView.swift */,
				300927D32C3D679E0073E384 /* SavebuttonView.swift */,
				300927E42C3E7BF40073E384 /* TeamLabelView.swift */,
				300927E82C3F20AA0073E384 /* GrayTextFieldView.swift */,
				300927EA2C3F232B0073E384 /* WinButtonView.swift */,
			);
			path = Helpers;
			sourceTree = "<group>";
		};
		300927B02C3C71110073E384 /* ViewModel */ = {
			isa = PBXGroup;
			children = (
				300927B12C3C71200073E384 /* TeamsViewModel.swift */,
				300927DA2C3DB3680073E384 /* MatchViewModel.swift */,
			);
			path = ViewModel;
			sourceTree = "<group>";
		};
		300927B62C3C76090073E384 /* CoreData */ = {
			isa = PBXGroup;
			children = (
				300927B32C3C75210073E384 /* SoccerSquad.xcdatamodeld */,
				300927BB2C3C77B30073E384 /* CoreDataManager.swift */,
				300927B72C3C762C0073E384 /* Players.swift */,
				300927E02C3E66BB0073E384 /* Matchs.swift */,
				300927B92C3C766C0073E384 /* UIImageTransformer.swift */,
				300927DE2C3E65D00073E384 /* UIColorTransformer.swift */,
			);
			path = CoreData;
			sourceTree = "<group>";
		};
		300927C32C3C80170073E384 /* Cells */ = {
			isa = PBXGroup;
			children = (
				300927C42C3C802A0073E384 /* PlayerCellView.swift */,
				300927E22C3E78980073E384 /* MatchCellView.swift */,
			);
			path = Cells;
			sourceTree = "<group>";
		};
		300927C82C3D22DC0073E384 /* Teams */ = {
			isa = PBXGroup;
			children = (
				300927BD2C3C79E10073E384 /* TeamsView.swift */,
				300927C92C3D22FF0073E384 /* NewPlayerView.swift */,
				300927D52C3D86D60073E384 /* PlayerView.swift */,
			);
			path = Teams;
			sourceTree = "<group>";
		};
		300927D72C3DB29D0073E384 /* Matchs */ = {
			isa = PBXGroup;
			children = (
				300927D82C3DB2D00073E384 /* MatchsView.swift */,
				300927DC2C3DC6C90073E384 /* MathView.swift */,
				300927E62C3E9C8D0073E384 /* NewMatchView.swift */,
				300927EC2C3FB6030073E384 /* ColorPickerView.swift */,
			);
			path = Matchs;
			sourceTree = "<group>";
		};
/* End PBXGroup section */

/* Begin PBXNativeTarget section */
		300927922C3C68DF0073E384 /* SoccerSquad */ = {
			isa = PBXNativeTarget;
			buildConfigurationList = 300927A72C3C68E00073E384 /* Build configuration list for PBXNativeTarget "SoccerSquad" */;
			buildPhases = (
				3009278F2C3C68DF0073E384 /* Sources */,
				300927902C3C68DF0073E384 /* Frameworks */,
				300927912C3C68DF0073E384 /* Resources */,
			);
			buildRules = (
			);
			dependencies = (
			);
			name = SoccerSquad;
			productName = SoccerSquad;
			productReference = 300927932C3C68DF0073E384 /* SoccerSquad.app */;
			productType = "com.apple.product-type.application";
		};
/* End PBXNativeTarget section */

/* Begin PBXProject section */
		3009278B2C3C68DF0073E384 /* Project object */ = {
			isa = PBXProject;
			attributes = {
				BuildIndependentTargetsInParallel = 1;
				LastSwiftUpdateCheck = 1530;
				LastUpgradeCheck = 1530;
				TargetAttributes = {
					300927922C3C68DF0073E384 = {
						CreatedOnToolsVersion = 15.3;
					};
				};
			};
			buildConfigurationList = 3009278E2C3C68DF0073E384 /* Build configuration list for PBXProject "SoccerSquad" */;
			compatibilityVersion = "Xcode 14.0";
			developmentRegion = en;
			hasScannedForEncodings = 0;
			knownRegions = (
				en,
				Base,
			);
			mainGroup = 3009278A2C3C68DF0073E384;
			productRefGroup = 300927942C3C68DF0073E384 /* Products */;
			projectDirPath = "";
			projectRoot = "";
			targets = (
				300927922C3C68DF0073E384 /* SoccerSquad */,
			);
		};
/* End PBXProject section */

/* Begin PBXResourcesBuildPhase section */
		300927912C3C68DF0073E384 /* Resources */ = {
			isa = PBXResourcesBuildPhase;
			buildActionMask = 2147483647;
			files = (
				300927A02C3C68E00073E384 /* Assets.xcassets in Resources */,
				300927A32C3C68E00073E384 /* Base in Resources */,
				3009279E2C3C68DF0073E384 /* Base in Resources */,
			);
			runOnlyForDeploymentPostprocessing = 0;
		};
/* End PBXResourcesBuildPhase section */

/* Begin PBXSourcesBuildPhase section */
		3009278F2C3C68DF0073E384 /* Sources */ = {
			isa = PBXSourcesBuildPhase;
			buildActionMask = 2147483647;
			files = (
				300927CA2C3D22FF0073E384 /* NewPlayerView.swift in Sources */,
				300927D42C3D679E0073E384 /* SavebuttonView.swift in Sources */,
				300927C22C3C7C990073E384 /* CustomTextFieldView.swift in Sources */,
				300927D62C3D86D60073E384 /* PlayerView.swift in Sources */,
				300927B82C3C762C0073E384 /* Players.swift in Sources */,
				300927C02C3C7A5C0073E384 /* lebalView.swift in Sources */,
				3009279B2C3C68DF0073E384 /* ViewController.swift in Sources */,
				300927E72C3E9C8D0073E384 /* NewMatchView.swift in Sources */,
				300927BA2C3C766C0073E384 /* UIImageTransformer.swift in Sources */,
				300927CC2C3D24190073E384 /* PlusButtonView.swift in Sources */,
				300927E52C3E7BF40073E384 /* TeamLabelView.swift in Sources */,
				300927DF2C3E65D00073E384 /* UIColorTransformer.swift in Sources */,
				300927C52C3C802A0073E384 /* PlayerCellView.swift in Sources */,
				300927AC2C3C69D60073E384 /* MainView.swift in Sources */,
				300927972C3C68DF0073E384 /* AppDelegate.swift in Sources */,
				300927D92C3DB2D00073E384 /* MatchsView.swift in Sources */,
				300927C72C3D20680073E384 /* PhotoPicker.swift in Sources */,
				300927AF2C3C6D990073E384 /* ToollBar.swift in Sources */,
				300927DD2C3DC6C90073E384 /* MathView.swift in Sources */,
				300927EB2C3F232B0073E384 /* WinButtonView.swift in Sources */,
				300927E12C3E66BB0073E384 /* Matchs.swift in Sources */,
				300927CE2C3D313A0073E384 /* NoPhotoView.swift in Sources */,
				300927DB2C3DB3680073E384 /* MatchViewModel.swift in Sources */,
				300927EF2C3FBB710073E384 /* BlurUIView.swift in Sources */,
				300927B22C3C71200073E384 /* TeamsViewModel.swift in Sources */,
				300927BE2C3C79E10073E384 /* TeamsView.swift in Sources */,
				300927E32C3E78980073E384 /* MatchCellView.swift in Sources */,
				300927D22C3D64130073E384 /* NameTextFieldView.swift in Sources */,
				300927D02C3D35A10073E384 /* NumberPlayerCircle.swift in Sources */,
				300927E92C3F20AA0073E384 /* GrayTextFieldView.swift in Sources */,
				300927ED2C3FB6030073E384 /* ColorPickerView.swift in Sources */,
				300927B52C3C75210073E384 /* SoccerSquad.xcdatamodeld in Sources */,
				300927BC2C3C77B40073E384 /* CoreDataManager.swift in Sources */,
				300927992C3C68DF0073E384 /* SceneDelegate.swift in Sources */,
			);
			runOnlyForDeploymentPostprocessing = 0;
		};
/* End PBXSourcesBuildPhase section */

/* Begin PBXVariantGroup section */
		3009279C2C3C68DF0073E384 /* Main.storyboard */ = {
			isa = PBXVariantGroup;
			children = (
				3009279D2C3C68DF0073E384 /* Base */,
			);
			name = Main.storyboard;
			sourceTree = "<group>";
		};
		300927A12C3C68E00073E384 /* LaunchScreen.storyboard */ = {
			isa = PBXVariantGroup;
			children = (
				300927A22C3C68E00073E384 /* Base */,
			);
			name = LaunchScreen.storyboard;
			sourceTree = "<group>";
		};
/* End PBXVariantGroup section */

/* Begin XCBuildConfiguration section */
		300927A52C3C68E00073E384 /* Debug */ = {
			isa = XCBuildConfiguration;
			buildSettings = {
				ALWAYS_SEARCH_USER_PATHS = NO;
				ASSETCATALOG_COMPILER_GENERATE_SWIFT_ASSET_SYMBOL_EXTENSIONS = YES;
				CLANG_ANALYZER_NONNULL = YES;
				CLANG_ANALYZER_NUMBER_OBJECT_CONVERSION = YES_AGGRESSIVE;
				CLANG_CXX_LANGUAGE_STANDARD = "gnu++20";
				CLANG_ENABLE_MODULES = YES;
				CLANG_ENABLE_OBJC_ARC = YES;
				CLANG_ENABLE_OBJC_WEAK = YES;
				CLANG_WARN_BLOCK_CAPTURE_AUTORELEASING = YES;
				CLANG_WARN_BOOL_CONVERSION = YES;
				CLANG_WARN_COMMA = YES;
				CLANG_WARN_CONSTANT_CONVERSION = YES;
				CLANG_WARN_DEPRECATED_OBJC_IMPLEMENTATIONS = YES;
				CLANG_WARN_DIRECT_OBJC_ISA_USAGE = YES_ERROR;
				CLANG_WARN_DOCUMENTATION_COMMENTS = YES;
				CLANG_WARN_EMPTY_BODY = YES;
				CLANG_WARN_ENUM_CONVERSION = YES;
				CLANG_WARN_INFINITE_RECURSION = YES;
				CLANG_WARN_INT_CONVERSION = YES;
				CLANG_WARN_NON_LITERAL_NULL_CONVERSION = YES;
				CLANG_WARN_OBJC_IMPLICIT_RETAIN_SELF = YES;
				CLANG_WARN_OBJC_LITERAL_CONVERSION = YES;
				CLANG_WARN_OBJC_ROOT_CLASS = YES_ERROR;
				CLANG_WARN_QUOTED_INCLUDE_IN_FRAMEWORK_HEADER = YES;
				CLANG_WARN_RANGE_LOOP_ANALYSIS = YES;
				CLANG_WARN_STRICT_PROTOTYPES = YES;
				CLANG_WARN_SUSPICIOUS_MOVE = YES;
				CLANG_WARN_UNGUARDED_AVAILABILITY = YES_AGGRESSIVE;
				CLANG_WARN_UNREACHABLE_CODE = YES;
				CLANG_WARN__DUPLICATE_METHOD_MATCH = YES;
				COPY_PHASE_STRIP = NO;
				DEBUG_INFORMATION_FORMAT = dwarf;
				ENABLE_STRICT_OBJC_MSGSEND = YES;
				ENABLE_TESTABILITY = YES;
				ENABLE_USER_SCRIPT_SANDBOXING = YES;
				GCC_C_LANGUAGE_STANDARD = gnu17;
				GCC_DYNAMIC_NO_PIC = NO;
				GCC_NO_COMMON_BLOCKS = YES;
				GCC_OPTIMIZATION_LEVEL = 0;
				GCC_PREPROCESSOR_DEFINITIONS = (
					"DEBUG=1",
					"$(inherited)",
				);
				GCC_WARN_64_TO_32_BIT_CONVERSION = YES;
				GCC_WARN_ABOUT_RETURN_TYPE = YES_ERROR;
				GCC_WARN_UNDECLARED_SELECTOR = YES;
				GCC_WARN_UNINITIALIZED_AUTOS = YES_AGGRESSIVE;
				GCC_WARN_UNUSED_FUNCTION = YES;
				GCC_WARN_UNUSED_VARIABLE = YES;
				IPHONEOS_DEPLOYMENT_TARGET = 17.4;
				LOCALIZATION_PREFERS_STRING_CATALOGS = YES;
				MTL_ENABLE_DEBUG_INFO = INCLUDE_SOURCE;
				MTL_FAST_MATH = YES;
				ONLY_ACTIVE_ARCH = YES;
				SDKROOT = iphoneos;
				SWIFT_ACTIVE_COMPILATION_CONDITIONS = "DEBUG $(inherited)";
				SWIFT_OPTIMIZATION_LEVEL = "-Onone";
			};
			name = Debug;
		};
		300927A62C3C68E00073E384 /* Release */ = {
			isa = XCBuildConfiguration;
			buildSettings = {
				ALWAYS_SEARCH_USER_PATHS = NO;
				ASSETCATALOG_COMPILER_GENERATE_SWIFT_ASSET_SYMBOL_EXTENSIONS = YES;
				CLANG_ANALYZER_NONNULL = YES;
				CLANG_ANALYZER_NUMBER_OBJECT_CONVERSION = YES_AGGRESSIVE;
				CLANG_CXX_LANGUAGE_STANDARD = "gnu++20";
				CLANG_ENABLE_MODULES = YES;
				CLANG_ENABLE_OBJC_ARC = YES;
				CLANG_ENABLE_OBJC_WEAK = YES;
				CLANG_WARN_BLOCK_CAPTURE_AUTORELEASING = YES;
				CLANG_WARN_BOOL_CONVERSION = YES;
				CLANG_WARN_COMMA = YES;
				CLANG_WARN_CONSTANT_CONVERSION = YES;
				CLANG_WARN_DEPRECATED_OBJC_IMPLEMENTATIONS = YES;
				CLANG_WARN_DIRECT_OBJC_ISA_USAGE = YES_ERROR;
				CLANG_WARN_DOCUMENTATION_COMMENTS = YES;
				CLANG_WARN_EMPTY_BODY = YES;
				CLANG_WARN_ENUM_CONVERSION = YES;
				CLANG_WARN_INFINITE_RECURSION = YES;
				CLANG_WARN_INT_CONVERSION = YES;
				CLANG_WARN_NON_LITERAL_NULL_CONVERSION = YES;
				CLANG_WARN_OBJC_IMPLICIT_RETAIN_SELF = YES;
				CLANG_WARN_OBJC_LITERAL_CONVERSION = YES;
				CLANG_WARN_OBJC_ROOT_CLASS = YES_ERROR;
				CLANG_WARN_QUOTED_INCLUDE_IN_FRAMEWORK_HEADER = YES;
				CLANG_WARN_RANGE_LOOP_ANALYSIS = YES;
				CLANG_WARN_STRICT_PROTOTYPES = YES;
				CLANG_WARN_SUSPICIOUS_MOVE = YES;
				CLANG_WARN_UNGUARDED_AVAILABILITY = YES_AGGRESSIVE;
				CLANG_WARN_UNREACHABLE_CODE = YES;
				CLANG_WARN__DUPLICATE_METHOD_MATCH = YES;
				COPY_PHASE_STRIP = NO;
				DEBUG_INFORMATION_FORMAT = "dwarf-with-dsym";
				ENABLE_NS_ASSERTIONS = NO;
				ENABLE_STRICT_OBJC_MSGSEND = YES;
				ENABLE_USER_SCRIPT_SANDBOXING = YES;
				GCC_C_LANGUAGE_STANDARD = gnu17;
				GCC_NO_COMMON_BLOCKS = YES;
				GCC_WARN_64_TO_32_BIT_CONVERSION = YES;
				GCC_WARN_ABOUT_RETURN_TYPE = YES_ERROR;
				GCC_WARN_UNDECLARED_SELECTOR = YES;
				GCC_WARN_UNINITIALIZED_AUTOS = YES_AGGRESSIVE;
				GCC_WARN_UNUSED_FUNCTION = YES;
				GCC_WARN_UNUSED_VARIABLE = YES;
				IPHONEOS_DEPLOYMENT_TARGET = 17.4;
				LOCALIZATION_PREFERS_STRING_CATALOGS = YES;
				MTL_ENABLE_DEBUG_INFO = NO;
				MTL_FAST_MATH = YES;
				SDKROOT = iphoneos;
				SWIFT_COMPILATION_MODE = wholemodule;
				VALIDATE_PRODUCT = YES;
			};
			name = Release;
		};
		300927A82C3C68E00073E384 /* Debug */ = {
			isa = XCBuildConfiguration;
			buildSettings = {
				ASSETCATALOG_COMPILER_APPICON_NAME = AppIcon;
				ASSETCATALOG_COMPILER_GLOBAL_ACCENT_COLOR_NAME = AccentColor;
				CODE_SIGN_STYLE = Automatic;
				CURRENT_PROJECT_VERSION = 1;
				DEVELOPMENT_TEAM = AR6AN34RS9;
				GENERATE_INFOPLIST_FILE = YES;
				INFOPLIST_FILE = SoccerSquad/Info.plist;
				INFOPLIST_KEY_UIApplicationSupportsIndirectInputEvents = YES;
				INFOPLIST_KEY_UILaunchStoryboardName = LaunchScreen;
				INFOPLIST_KEY_UIMainStoryboardFile = Main;
				INFOPLIST_KEY_UISupportedInterfaceOrientations = UIInterfaceOrientationPortrait;
				INFOPLIST_KEY_UISupportedInterfaceOrientations_iPad = "UIInterfaceOrientationLandscapeLeft UIInterfaceOrientationLandscapeRight UIInterfaceOrientationPortrait UIInterfaceOrientationPortraitUpsideDown";
				IPHONEOS_DEPLOYMENT_TARGET = 15.0;
				LD_RUNPATH_SEARCH_PATHS = (
					"$(inherited)",
					"@executable_path/Frameworks",
				);
				MARKETING_VERSION = 1.0;
				PRODUCT_BUNDLE_IDENTIFIER = home.SoccerSquad;
				PRODUCT_NAME = "$(TARGET_NAME)";
				SUPPORTED_PLATFORMS = "iphoneos iphonesimulator";
				SUPPORTS_MACCATALYST = NO;
				SUPPORTS_MAC_DESIGNED_FOR_IPHONE_IPAD = NO;
				SUPPORTS_XR_DESIGNED_FOR_IPHONE_IPAD = NO;
				SWIFT_EMIT_LOC_STRINGS = YES;
				SWIFT_VERSION = 5.0;
				TARGETED_DEVICE_FAMILY = 1;
			};
			name = Debug;
		};
		300927A92C3C68E00073E384 /* Release */ = {
			isa = XCBuildConfiguration;
			buildSettings = {
				ASSETCATALOG_COMPILER_APPICON_NAME = AppIcon;
				ASSETCATALOG_COMPILER_GLOBAL_ACCENT_COLOR_NAME = AccentColor;
				CODE_SIGN_STYLE = Automatic;
				CURRENT_PROJECT_VERSION = 1;
				DEVELOPMENT_TEAM = AR6AN34RS9;
				GENERATE_INFOPLIST_FILE = YES;
				INFOPLIST_FILE = SoccerSquad/Info.plist;
				INFOPLIST_KEY_UIApplicationSupportsIndirectInputEvents = YES;
				INFOPLIST_KEY_UILaunchStoryboardName = LaunchScreen;
				INFOPLIST_KEY_UIMainStoryboardFile = Main;
				INFOPLIST_KEY_UISupportedInterfaceOrientations = UIInterfaceOrientationPortrait;
				INFOPLIST_KEY_UISupportedInterfaceOrientations_iPad = "UIInterfaceOrientationLandscapeLeft UIInterfaceOrientationLandscapeRight UIInterfaceOrientationPortrait UIInterfaceOrientationPortraitUpsideDown";
				IPHONEOS_DEPLOYMENT_TARGET = 15.0;
				LD_RUNPATH_SEARCH_PATHS = (
					"$(inherited)",
					"@executable_path/Frameworks",
				);
				MARKETING_VERSION = 1.0;
				PRODUCT_BUNDLE_IDENTIFIER = home.SoccerSquad;
				PRODUCT_NAME = "$(TARGET_NAME)";
				SUPPORTED_PLATFORMS = "iphoneos iphonesimulator";
				SUPPORTS_MACCATALYST = NO;
				SUPPORTS_MAC_DESIGNED_FOR_IPHONE_IPAD = NO;
				SUPPORTS_XR_DESIGNED_FOR_IPHONE_IPAD = NO;
				SWIFT_EMIT_LOC_STRINGS = YES;
				SWIFT_VERSION = 5.0;
				TARGETED_DEVICE_FAMILY = 1;
			};
			name = Release;
		};
/* End XCBuildConfiguration section */

/* Begin XCConfigurationList section */
		3009278E2C3C68DF0073E384 /* Build configuration list for PBXProject "SoccerSquad" */ = {
			isa = XCConfigurationList;
			buildConfigurations = (
				300927A52C3C68E00073E384 /* Debug */,
				300927A62C3C68E00073E384 /* Release */,
			);
			defaultConfigurationIsVisible = 0;
			defaultConfigurationName = Release;
		};
		300927A72C3C68E00073E384 /* Build configuration list for PBXNativeTarget "SoccerSquad" */ = {
			isa = XCConfigurationList;
			buildConfigurations = (
				300927A82C3C68E00073E384 /* Debug */,
				300927A92C3C68E00073E384 /* Release */,
			);
			defaultConfigurationIsVisible = 0;
			defaultConfigurationName = Release;
		};
/* End XCConfigurationList section */

/* Begin XCVersionGroup section */
		300927B32C3C75210073E384 /* SoccerSquad.xcdatamodeld */ = {
			isa = XCVersionGroup;
			children = (
				300927B42C3C75210073E384 /* SoccerSquad.xcdatamodel */,
			);
			currentVersion = 300927B42C3C75210073E384 /* SoccerSquad.xcdatamodel */;
			path = SoccerSquad.xcdatamodeld;
			sourceTree = "<group>";
			versionGroupType = wrapper.xcdatamodel;
		};
/* End XCVersionGroup section */
	};
	rootObject = 3009278B2C3C68DF0073E384 /* Project object */;
}
